
Microsoft Visual Studio Solution File, Format Version 12.00
# Visual Studio 15
VisualStudioVersion = 15.0.27130.2010
MinimumVisualStudioVersion = 15.0.26124.0
Project("{9A19103F-16F7-4668-BE54-9A1E7A4F7556}") = "GlobalExceptionHandler.Tests", "GlobalExceptionHandler.Tests\GlobalExceptionHandler.Tests.csproj", "{A100852A-D729-4DEB-83F1-13539AFEA8B3}"
EndProject
Project("{9A19103F-16F7-4668-BE54-9A1E7A4F7556}") = "GlobalExceptionHandler", "GlobalExceptionHandler\GlobalExceptionHandler.csproj", "{6316C52E-85F4-4DFB-AC4B-77EA07E3F605}"
EndProject
Project("{FAE04EC0-301F-11D3-BF4B-00C04F79EFBC}") = "GlobalExceptionHandler.Demo", "GlobalExceptionHandler.Demo\GlobalExceptionHandler.Demo.csproj", "{158F5A4A-DC42-4069-84C2-7A0F6D5AEFF2}"
EndProject
Project("{FAE04EC0-301F-11D3-BF4B-00C04F79EFBC}") = "NetCore3Demo", "NetCore3Demo\NetCore3Demo.csproj", "{F7EBCD01-7507-4EB6-A866-370800E9D2DB}"
EndProject
Global
	GlobalSection(SolutionConfigurationPlatforms) = preSolution
		Debug|Any CPU = Debug|Any CPU
		Debug|x64 = Debug|x64
		Debug|x86 = Debug|x86
		Release|Any CPU = Release|Any CPU
		Release|x64 = Release|x64
		Release|x86 = Release|x86
	EndGlobalSection
	GlobalSection(ProjectConfigurationPlatforms) = postSolution
		{A100852A-D729-4DEB-83F1-13539AFEA8B3}.Debug|Any CPU.ActiveCfg = Debug|Any CPU
		{A100852A-D729-4DEB-83F1-13539AFEA8B3}.Debug|Any CPU.Build.0 = Debug|Any CPU
		{A100852A-D729-4DEB-83F1-13539AFEA8B3}.Debug|x64.ActiveCfg = Debug|Any CPU
		{A100852A-D729-4DEB-83F1-13539AFEA8B3}.Debug|x64.Build.0 = Debug|Any CPU
		{A100852A-D729-4DEB-83F1-13539AFEA8B3}.Debug|x86.ActiveCfg = Debug|Any CPU
		{A100852A-D729-4DEB-83F1-13539AFEA8B3}.Debug|x86.Build.0 = Debug|Any CPU
		{A100852A-D729-4DEB-83F1-13539AFEA8B3}.Release|Any CPU.ActiveCfg = Release|Any CPU
		{A100852A-D729-4DEB-83F1-13539AFEA8B3}.Release|Any CPU.Build.0 = Release|Any CPU
		{A100852A-D729-4DEB-83F1-13539AFEA8B3}.Release|x64.ActiveCfg = Release|Any CPU
		{A100852A-D729-4DEB-83F1-13539AFEA8B3}.Release|x64.Build.0 = Release|Any CPU
		{A100852A-D729-4DEB-83F1-13539AFEA8B3}.Release|x86.ActiveCfg = Release|Any CPU
		{A100852A-D729-4DEB-83F1-13539AFEA8B3}.Release|x86.Build.0 = Release|Any CPU
		{6316C52E-85F4-4DFB-AC4B-77EA07E3F605}.Debug|Any CPU.ActiveCfg = Debug|Any CPU
		{6316C52E-85F4-4DFB-AC4B-77EA07E3F605}.Debug|Any CPU.Build.0 = Debug|Any CPU
		{6316C52E-85F4-4DFB-AC4B-77EA07E3F605}.Debug|x64.ActiveCfg = Debug|Any CPU
		{6316C52E-85F4-4DFB-AC4B-77EA07E3F605}.Debug|x64.Build.0 = Debug|Any CPU
		{6316C52E-85F4-4DFB-AC4B-77EA07E3F605}.Debug|x86.ActiveCfg = Debug|Any CPU
		{6316C52E-85F4-4DFB-AC4B-77EA07E3F605}.Debug|x86.Build.0 = Debug|Any CPU
		{6316C52E-85F4-4DFB-AC4B-77EA07E3F605}.Release|Any CPU.ActiveCfg = Release|Any CPU
		{6316C52E-85F4-4DFB-AC4B-77EA07E3F605}.Release|Any CPU.Build.0 = Release|Any CPU
		{6316C52E-85F4-4DFB-AC4B-77EA07E3F605}.Release|x64.ActiveCfg = Release|Any CPU
		{6316C52E-85F4-4DFB-AC4B-77EA07E3F605}.Release|x64.Build.0 = Release|Any CPU
		{6316C52E-85F4-4DFB-AC4B-77EA07E3F605}.Release|x86.ActiveCfg = Release|Any CPU
		{6316C52E-85F4-4DFB-AC4B-77EA07E3F605}.Release|x86.Build.0 = Release|Any CPU
		{158F5A4A-DC42-4069-84C2-7A0F6D5AEFF2}.Debug|Any CPU.ActiveCfg = Debug|Any CPU
		{158F5A4A-DC42-4069-84C2-7A0F6D5AEFF2}.Debug|Any CPU.Build.0 = Debug|Any CPU
		{158F5A4A-DC42-4069-84C2-7A0F6D5AEFF2}.Debug|x64.ActiveCfg = Debug|Any CPU
		{158F5A4A-DC42-4069-84C2-7A0F6D5AEFF2}.Debug|x64.Build.0 = Debug|Any CPU
		{158F5A4A-DC42-4069-84C2-7A0F6D5AEFF2}.Debug|x86.ActiveCfg = Debug|Any CPU
		{158F5A4A-DC42-4069-84C2-7A0F6D5AEFF2}.Debug|x86.Build.0 = Debug|Any CPU
		{158F5A4A-DC42-4069-84C2-7A0F6D5AEFF2}.Release|Any CPU.ActiveCfg = Release|Any CPU
		{158F5A4A-DC42-4069-84C2-7A0F6D5AEFF2}.Release|Any CPU.Build.0 = Release|Any CPU
		{158F5A4A-DC42-4069-84C2-7A0F6D5AEFF2}.Release|x64.ActiveCfg = Release|Any CPU
		{158F5A4A-DC42-4069-84C2-7A0F6D5AEFF2}.Release|x64.Build.0 = Release|Any CPU
		{158F5A4A-DC42-4069-84C2-7A0F6D5AEFF2}.Release|x86.ActiveCfg = Release|Any CPU
		{158F5A4A-DC42-4069-84C2-7A0F6D5AEFF2}.Release|x86.Build.0 = Release|Any CPU
		{F7EBCD01-7507-4EB6-A866-370800E9D2DB}.Debug|Any CPU.ActiveCfg = Debug|Any CPU
		{F7EBCD01-7507-4EB6-A866-370800E9D2DB}.Debug|Any CPU.Build.0 = Debug|Any CPU
		{F7EBCD01-7507-4EB6-A866-370800E9D2DB}.Debug|x64.ActiveCfg = Debug|Any CPU
		{F7EBCD01-7507-4EB6-A866-370800E9D2DB}.Debug|x64.Build.0 = Debug|Any CPU
		{F7EBCD01-7507-4EB6-A866-370800E9D2DB}.Debug|x86.ActiveCfg = Debug|Any CPU
		{F7EBCD01-7507-4EB6-A866-370800E9D2DB}.Debug|x86.Build.0 = Debug|Any CPU
		{F7EBCD01-7507-4EB6-A866-370800E9D2DB}.Release|Any CPU.ActiveCfg = Release|Any CPU
		{F7EBCD01-7507-4EB6-A866-370800E9D2DB}.Release|Any CPU.Build.0 = Release|Any CPU
		{F7EBCD01-7507-4EB6-A866-370800E9D2DB}.Release|x64.ActiveCfg = Release|Any CPU
		{F7EBCD01-7507-4EB6-A866-370800E9D2DB}.Release|x64.Build.0 = Release|Any CPU
		{F7EBCD01-7507-4EB6-A866-370800E9D2DB}.Release|x86.ActiveCfg = Release|Any CPU
		{F7EBCD01-7507-4EB6-A866-370800E9D2DB}.Release|x86.Build.0 = Release|Any CPU
	EndGlobalSection
	GlobalSection(SolutionProperties) = preSolution
		HideSolutionNode = FALSE
	EndGlobalSection
	GlobalSection(ExtensibilityGlobals) = postSolution
		SolutionGuid = {A262DDCA-35C7-4A04-B498-93EE323C8DB0}
	EndGlobalSection
EndGlobal
