
Microsoft Visual Studio Solution File, Format Version 12.00
# Visual Studio 15
VisualStudioVersion = 15.0.27130.2010
MinimumVisualStudioVersion = 15.0.26124.0
Project("{9A19103F-16F7-4668-BE54-9A1E7A4F7556}") = "GlobalExceptionHandler.Tests", "GlobalExceptionHandler.Tests\GlobalExceptionHandler.Tests.csproj", "{A100852A-D729-4DEB-83F1-13539AFEA8B3}"
EndProject
Project("{9A19103F-16F7-4668-BE54-9A1E7A4F7556}") = "GlobalExceptionHandler", "GlobalExceptionHandler\GlobalExceptionHandler.csproj", "{6316C52E-85F4-4DFB-AC4B-77EA07E3F605}"
EndProject
Project("{9A19103F-16F7-4668-BE54-9A1E7A4F7556}") = "GlobalExceptionHandler.Demo", "GlobalExceptionHandler.Demo\GlobalExceptionHandler.Demo.csproj", "{AACB34F2-3A5A-4BFB-8006-117B2AEB8038}"
EndProject
Project("{9A19103F-16F7-4668-BE54-9A1E7A4F7556}") = "GlobalExceptionHandler.ContentNegotiation.Mvc", "GlobalExceptionHandler.ContentNegotiation.Mvc\GlobalExceptionHandler.ContentNegotiation.Mvc.csproj", "{F7691CFF-C314-4126-B906-717401E6E35E}"
EndProject
Global
	GlobalSection(SolutionConfigurationPlatforms) = preSolution
		Debug|Any CPU = Debug|Any CPU
		Debug|x64 = Debug|x64
		Debug|x86 = Debug|x86
		Release|Any CPU = Release|Any CPU
		Release|x64 = Release|x64
		Release|x86 = Release|x86
	EndGlobalSection
	GlobalSection(ProjectConfigurationPlatforms) = postSolution
		{A100852A-D729-4DEB-83F1-13539AFEA8B3}.Debug|Any CPU.ActiveCfg = Debug|Any CPU
		{A100852A-D729-4DEB-83F1-13539AFEA8B3}.Debug|Any CPU.Build.0 = Debug|Any CPU
		{A100852A-D729-4DEB-83F1-13539AFEA8B3}.Debug|x64.ActiveCfg = Debug|Any CPU
		{A100852A-D729-4DEB-83F1-13539AFEA8B3}.Debug|x64.Build.0 = Debug|Any CPU
		{A100852A-D729-4DEB-83F1-13539AFEA8B3}.Debug|x86.ActiveCfg = Debug|Any CPU
		{A100852A-D729-4DEB-83F1-13539AFEA8B3}.Debug|x86.Build.0 = Debug|Any CPU
		{A100852A-D729-4DEB-83F1-13539AFEA8B3}.Release|Any CPU.ActiveCfg = Release|Any CPU
		{A100852A-D729-4DEB-83F1-13539AFEA8B3}.Release|Any CPU.Build.0 = Release|Any CPU
		{A100852A-D729-4DEB-83F1-13539AFEA8B3}.Release|x64.ActiveCfg = Release|Any CPU
		{A100852A-D729-4DEB-83F1-13539AFEA8B3}.Release|x64.Build.0 = Release|Any CPU
		{A100852A-D729-4DEB-83F1-13539AFEA8B3}.Release|x86.ActiveCfg = Release|Any CPU
		{A100852A-D729-4DEB-83F1-13539AFEA8B3}.Release|x86.Build.0 = Release|Any CPU
		{6316C52E-85F4-4DFB-AC4B-77EA07E3F605}.Debug|Any CPU.ActiveCfg = Debug|Any CPU
		{6316C52E-85F4-4DFB-AC4B-77EA07E3F605}.Debug|Any CPU.Build.0 = Debug|Any CPU
		{6316C52E-85F4-4DFB-AC4B-77EA07E3F605}.Debug|x64.ActiveCfg = Debug|Any CPU
		{6316C52E-85F4-4DFB-AC4B-77EA07E3F605}.Debug|x64.Build.0 = Debug|Any CPU
		{6316C52E-85F4-4DFB-AC4B-77EA07E3F605}.Debug|x86.ActiveCfg = Debug|Any CPU
		{6316C52E-85F4-4DFB-AC4B-77EA07E3F605}.Debug|x86.Build.0 = Debug|Any CPU
		{6316C52E-85F4-4DFB-AC4B-77EA07E3F605}.Release|Any CPU.ActiveCfg = Release|Any CPU
		{6316C52E-85F4-4DFB-AC4B-77EA07E3F605}.Release|Any CPU.Build.0 = Release|Any CPU
		{6316C52E-85F4-4DFB-AC4B-77EA07E3F605}.Release|x64.ActiveCfg = Release|Any CPU
		{6316C52E-85F4-4DFB-AC4B-77EA07E3F605}.Release|x64.Build.0 = Release|Any CPU
		{6316C52E-85F4-4DFB-AC4B-77EA07E3F605}.Release|x86.ActiveCfg = Release|Any CPU
		{6316C52E-85F4-4DFB-AC4B-77EA07E3F605}.Release|x86.Build.0 = Release|Any CPU
		{AACB34F2-3A5A-4BFB-8006-117B2AEB8038}.Debug|Any CPU.ActiveCfg = Debug|Any CPU
		{AACB34F2-3A5A-4BFB-8006-117B2AEB8038}.Debug|Any CPU.Build.0 = Debug|Any CPU
		{AACB34F2-3A5A-4BFB-8006-117B2AEB8038}.Debug|x64.ActiveCfg = Debug|Any CPU
		{AACB34F2-3A5A-4BFB-8006-117B2AEB8038}.Debug|x64.Build.0 = Debug|Any CPU
		{AACB34F2-3A5A-4BFB-8006-117B2AEB8038}.Debug|x86.ActiveCfg = Debug|Any CPU
		{AACB34F2-3A5A-4BFB-8006-117B2AEB8038}.Debug|x86.Build.0 = Debug|Any CPU
		{AACB34F2-3A5A-4BFB-8006-117B2AEB8038}.Release|Any CPU.ActiveCfg = Release|Any CPU
		{AACB34F2-3A5A-4BFB-8006-117B2AEB8038}.Release|Any CPU.Build.0 = Release|Any CPU
		{AACB34F2-3A5A-4BFB-8006-117B2AEB8038}.Release|x64.ActiveCfg = Release|Any CPU
		{AACB34F2-3A5A-4BFB-8006-117B2AEB8038}.Release|x64.Build.0 = Release|Any CPU
		{AACB34F2-3A5A-4BFB-8006-117B2AEB8038}.Release|x86.ActiveCfg = Release|Any CPU
		{AACB34F2-3A5A-4BFB-8006-117B2AEB8038}.Release|x86.Build.0 = Release|Any CPU
		{F7691CFF-C314-4126-B906-717401E6E35E}.Debug|Any CPU.ActiveCfg = Debug|Any CPU
		{F7691CFF-C314-4126-B906-717401E6E35E}.Debug|Any CPU.Build.0 = Debug|Any CPU
		{F7691CFF-C314-4126-B906-717401E6E35E}.Debug|x64.ActiveCfg = Debug|Any CPU
		{F7691CFF-C314-4126-B906-717401E6E35E}.Debug|x64.Build.0 = Debug|Any CPU
		{F7691CFF-C314-4126-B906-717401E6E35E}.Debug|x86.ActiveCfg = Debug|Any CPU
		{F7691CFF-C314-4126-B906-717401E6E35E}.Debug|x86.Build.0 = Debug|Any CPU
		{F7691CFF-C314-4126-B906-717401E6E35E}.Release|Any CPU.ActiveCfg = Release|Any CPU
		{F7691CFF-C314-4126-B906-717401E6E35E}.Release|Any CPU.Build.0 = Release|Any CPU
		{F7691CFF-C314-4126-B906-717401E6E35E}.Release|x64.ActiveCfg = Release|Any CPU
		{F7691CFF-C314-4126-B906-717401E6E35E}.Release|x64.Build.0 = Release|Any CPU
		{F7691CFF-C314-4126-B906-717401E6E35E}.Release|x86.ActiveCfg = Release|Any CPU
		{F7691CFF-C314-4126-B906-717401E6E35E}.Release|x86.Build.0 = Release|Any CPU
	EndGlobalSection
	GlobalSection(SolutionProperties) = preSolution
		HideSolutionNode = FALSE
	EndGlobalSection
	GlobalSection(ExtensibilityGlobals) = postSolution
		SolutionGuid = {A262DDCA-35C7-4A04-B498-93EE323C8DB0}
	EndGlobalSection
EndGlobal
